
Microsoft Visual Studio Solution File, Format Version 11.00
# Visual Studio 2010
Project("{FAE04EC0-301F-11D3-BF4B-00C04F79EFBC}") = "xmltocsv", "xmltocsv\xmltocsv.csproj", "{AD850E87-A382-4427-B119-86B00B67E6CE}"
EndProject
Global
	GlobalSection(SolutionConfigurationPlatforms) = preSolution
		Debug|x86 = Debug|x86
		Release|x86 = Release|x86
	EndGlobalSection
	GlobalSection(ProjectConfigurationPlatforms) = postSolution
		{AD850E87-A382-4427-B119-86B00B67E6CE}.Debug|x86.ActiveCfg = Debug|x86
		{AD850E87-A382-4427-B119-86B00B67E6CE}.Debug|x86.Build.0 = Debug|x86
		{AD850E87-A382-4427-B119-86B00B67E6CE}.Release|x86.ActiveCfg = Release|x86
		{AD850E87-A382-4427-B119-86B00B67E6CE}.Release|x86.Build.0 = Release|x86
	EndGlobalSection
	GlobalSection(SolutionProperties) = preSolution
		HideSolutionNode = FALSE
	EndGlobalSection
EndGlobal
